
Microsoft Visual Studio Solution File, Format Version 12.00
# Visual Studio Version 16
VisualStudioVersion = 16.0.31005.135
MinimumVisualStudioVersion = 10.0.40219.1
Project("{9A19103F-16F7-4668-BE54-9A1E7A4F7556}") = "DawPastrator.Server", "DawPastrator.Server\DawPastrator.Server.csproj", "{8B02484D-2825-48B7-8F25-85DD8F1AEB7F}"
EndProject
Project("{9A19103F-16F7-4668-BE54-9A1E7A4F7556}") = "DawPastrator.Server.Test", "DawPastrator.Server.Test\DawPastrator.Server.Test.csproj", "{45653744-2B0F-4AFC-8228-38C666FED845}"
EndProject
Project("{FAE04EC0-301F-11D3-BF4B-00C04F79EFBC}") = "DawPastrator.Core", "DawPastrator.Core\DawPastrator.Core.csproj", "{25FAE5EB-D28C-42A4-BB3C-6141D8BBD875}"
EndProject
Global
	GlobalSection(SolutionConfigurationPlatforms) = preSolution
		Debug|Any CPU = Debug|Any CPU
		Release|Any CPU = Release|Any CPU
	EndGlobalSection
	GlobalSection(ProjectConfigurationPlatforms) = postSolution
		{8B02484D-2825-48B7-8F25-85DD8F1AEB7F}.Debug|Any CPU.ActiveCfg = Debug|Any CPU
		{8B02484D-2825-48B7-8F25-85DD8F1AEB7F}.Debug|Any CPU.Build.0 = Debug|Any CPU
		{8B02484D-2825-48B7-8F25-85DD8F1AEB7F}.Release|Any CPU.ActiveCfg = Release|Any CPU
		{8B02484D-2825-48B7-8F25-85DD8F1AEB7F}.Release|Any CPU.Build.0 = Release|Any CPU
		{45653744-2B0F-4AFC-8228-38C666FED845}.Debug|Any CPU.ActiveCfg = Debug|Any CPU
		{45653744-2B0F-4AFC-8228-38C666FED845}.Debug|Any CPU.Build.0 = Debug|Any CPU
		{45653744-2B0F-4AFC-8228-38C666FED845}.Release|Any CPU.ActiveCfg = Release|Any CPU
		{45653744-2B0F-4AFC-8228-38C666FED845}.Release|Any CPU.Build.0 = Release|Any CPU
		{25FAE5EB-D28C-42A4-BB3C-6141D8BBD875}.Debug|Any CPU.ActiveCfg = Debug|Any CPU
		{25FAE5EB-D28C-42A4-BB3C-6141D8BBD875}.Debug|Any CPU.Build.0 = Debug|Any CPU
		{25FAE5EB-D28C-42A4-BB3C-6141D8BBD875}.Release|Any CPU.ActiveCfg = Release|Any CPU
		{25FAE5EB-D28C-42A4-BB3C-6141D8BBD875}.Release|Any CPU.Build.0 = Release|Any CPU
	EndGlobalSection
	GlobalSection(SolutionProperties) = preSolution
		HideSolutionNode = FALSE
	EndGlobalSection
	GlobalSection(ExtensibilityGlobals) = postSolution
		SolutionGuid = {A58AF39D-38B9-4202-A084-A2DC239F84B3}
	EndGlobalSection
EndGlobal
